
Microsoft Visual Studio Solution File, Format Version 12.00
# Visual Studio 15
VisualStudioVersion = 15.0.26430.13
MinimumVisualStudioVersion = 10.0.40219.1
Project("{FAE04EC0-301F-11D3-BF4B-00C04F79EFBC}") = "Convert from Base-10 to Base-N", "Strings and Text Processing\Convert from Base-10 to Base-N.csproj", "{0383F3FB-E088-458F-A0BC-BFEF364DA1D6}"
EndProject
Project("{FAE04EC0-301F-11D3-BF4B-00C04F79EFBC}") = "Convert from Base-N to base- 10", "Convert from Base-N to base- 10\Convert from Base-N to base- 10.csproj", "{5EAB9075-5D93-4D1B-8967-86E42864C384}"
EndProject
Project("{FAE04EC0-301F-11D3-BF4B-00C04F79EFBC}") = "Unicode Characters", "Unicode Characters\Unicode Characters.csproj", "{A9CF9F01-88CE-4319-BE16-93526C8EA156}"
EndProject
Project("{FAE04EC0-301F-11D3-BF4B-00C04F79EFBC}") = "Character Multiplier", "Character Multiplier\Character Multiplier.csproj", "{B87B15F9-9CED-48C6-8393-71B4B9F52886}"
EndProject
Project("{FAE04EC0-301F-11D3-BF4B-00C04F79EFBC}") = "Magic Exchangeable words", "Magic Exchangeable words\Magic Exchangeable words.csproj", "{E599EB01-310C-408A-A23F-322C51D6B7BE}"
EndProject
Project("{FAE04EC0-301F-11D3-BF4B-00C04F79EFBC}") = "Sum big numbers", "Sum big numbers\Sum big numbers.csproj", "{4E054FAA-A049-4B3A-A447-ED91176C0FC7}"
EndProject
Project("{FAE04EC0-301F-11D3-BF4B-00C04F79EFBC}") = "Multiply Big Number", "Multiply Big Number\Multiply Big Number.csproj", "{E3810D1C-B6C0-415B-A224-46BC86F08703}"
EndProject
Global
	GlobalSection(SolutionConfigurationPlatforms) = preSolution
		Debug|Any CPU = Debug|Any CPU
		Release|Any CPU = Release|Any CPU
	EndGlobalSection
	GlobalSection(ProjectConfigurationPlatforms) = postSolution
		{0383F3FB-E088-458F-A0BC-BFEF364DA1D6}.Debug|Any CPU.ActiveCfg = Debug|Any CPU
		{0383F3FB-E088-458F-A0BC-BFEF364DA1D6}.Debug|Any CPU.Build.0 = Debug|Any CPU
		{0383F3FB-E088-458F-A0BC-BFEF364DA1D6}.Release|Any CPU.ActiveCfg = Release|Any CPU
		{0383F3FB-E088-458F-A0BC-BFEF364DA1D6}.Release|Any CPU.Build.0 = Release|Any CPU
		{5EAB9075-5D93-4D1B-8967-86E42864C384}.Debug|Any CPU.ActiveCfg = Debug|Any CPU
		{5EAB9075-5D93-4D1B-8967-86E42864C384}.Debug|Any CPU.Build.0 = Debug|Any CPU
		{5EAB9075-5D93-4D1B-8967-86E42864C384}.Release|Any CPU.ActiveCfg = Release|Any CPU
		{5EAB9075-5D93-4D1B-8967-86E42864C384}.Release|Any CPU.Build.0 = Release|Any CPU
		{A9CF9F01-88CE-4319-BE16-93526C8EA156}.Debug|Any CPU.ActiveCfg = Debug|Any CPU
		{A9CF9F01-88CE-4319-BE16-93526C8EA156}.Debug|Any CPU.Build.0 = Debug|Any CPU
		{A9CF9F01-88CE-4319-BE16-93526C8EA156}.Release|Any CPU.ActiveCfg = Release|Any CPU
		{A9CF9F01-88CE-4319-BE16-93526C8EA156}.Release|Any CPU.Build.0 = Release|Any CPU
		{B87B15F9-9CED-48C6-8393-71B4B9F52886}.Debug|Any CPU.ActiveCfg = Debug|Any CPU
		{B87B15F9-9CED-48C6-8393-71B4B9F52886}.Debug|Any CPU.Build.0 = Debug|Any CPU
		{B87B15F9-9CED-48C6-8393-71B4B9F52886}.Release|Any CPU.ActiveCfg = Release|Any CPU
		{B87B15F9-9CED-48C6-8393-71B4B9F52886}.Release|Any CPU.Build.0 = Release|Any CPU
		{E599EB01-310C-408A-A23F-322C51D6B7BE}.Debug|Any CPU.ActiveCfg = Debug|Any CPU
		{E599EB01-310C-408A-A23F-322C51D6B7BE}.Debug|Any CPU.Build.0 = Debug|Any CPU
		{E599EB01-310C-408A-A23F-322C51D6B7BE}.Release|Any CPU.ActiveCfg = Release|Any CPU
		{E599EB01-310C-408A-A23F-322C51D6B7BE}.Release|Any CPU.Build.0 = Release|Any CPU
		{4E054FAA-A049-4B3A-A447-ED91176C0FC7}.Debug|Any CPU.ActiveCfg = Debug|Any CPU
		{4E054FAA-A049-4B3A-A447-ED91176C0FC7}.Debug|Any CPU.Build.0 = Debug|Any CPU
		{4E054FAA-A049-4B3A-A447-ED91176C0FC7}.Release|Any CPU.ActiveCfg = Release|Any CPU
		{4E054FAA-A049-4B3A-A447-ED91176C0FC7}.Release|Any CPU.Build.0 = Release|Any CPU
		{E3810D1C-B6C0-415B-A224-46BC86F08703}.Debug|Any CPU.ActiveCfg = Debug|Any CPU
		{E3810D1C-B6C0-415B-A224-46BC86F08703}.Debug|Any CPU.Build.0 = Debug|Any CPU
		{E3810D1C-B6C0-415B-A224-46BC86F08703}.Release|Any CPU.ActiveCfg = Release|Any CPU
		{E3810D1C-B6C0-415B-A224-46BC86F08703}.Release|Any CPU.Build.0 = Release|Any CPU
	EndGlobalSection
	GlobalSection(SolutionProperties) = preSolution
		HideSolutionNode = FALSE
	EndGlobalSection
EndGlobal
